
Microsoft Visual Studio Solution File, Format Version 12.00
# Visual Studio Version 17
VisualStudioVersion = 17.9.34701.34
MinimumVisualStudioVersion = 10.0.40219.1
Project("{FAE04EC0-301F-11D3-BF4B-00C04F79EFBC}") = "Chihan_1150080014_BTTuan5", "Chihan_1150080014_BTTuan5\Chihan_1150080014_BTTuan5.csproj", "{C90C7B95-391C-4165-8F50-5FFD2FC295C1}"
EndProject
Global
	GlobalSection(SolutionConfigurationPlatforms) = preSolution
		Debug|Any CPU = Debug|Any CPU
		Release|Any CPU = Release|Any CPU
	EndGlobalSection
	GlobalSection(ProjectConfigurationPlatforms) = postSolution
		{C90C7B95-391C-4165-8F50-5FFD2FC295C1}.Debug|Any CPU.ActiveCfg = Debug|Any CPU
		{C90C7B95-391C-4165-8F50-5FFD2FC295C1}.Debug|Any CPU.Build.0 = Debug|Any CPU
		{C90C7B95-391C-4165-8F50-5FFD2FC295C1}.Release|Any CPU.ActiveCfg = Release|Any CPU
		{C90C7B95-391C-4165-8F50-5FFD2FC295C1}.Release|Any CPU.Build.0 = Release|Any CPU
	EndGlobalSection
	GlobalSection(SolutionProperties) = preSolution
		HideSolutionNode = FALSE
	EndGlobalSection
	GlobalSection(ExtensibilityGlobals) = postSolution
		SolutionGuid = {A954A148-A5E7-4291-9CBA-29596ACD1A39}
	EndGlobalSection
EndGlobal
